// !$*UTF8*$!
{
	archiveVersion = 1;
	classes = {
	};
	objectVersion = 46;
	objects = {

/* Begin PBXBuildFile section */
		6A1DBF1E1CA9DD9900CD7F8A /* HistoryList+CoreDataProperties.swift in Sources */ = {isa = PBXBuildFile; fileRef = 6A1DBF1C1CA9DD9900CD7F8A /* HistoryList+CoreDataProperties.swift */; };
		6A1DBF1F1CA9DD9900CD7F8A /* HistoryList.swift in Sources */ = {isa = PBXBuildFile; fileRef = 6A1DBF1D1CA9DD9900CD7F8A /* HistoryList.swift */; };
		6A82DC4D1CA7636F003C605E /* ShoppingListTableViewController.swift in Sources */ = {isa = PBXBuildFile; fileRef = 6A82DC4C1CA7636F003C605E /* ShoppingListTableViewController.swift */; };
		6A82DC511CA76A9C003C605E /* ShoppingList.swift in Sources */ = {isa = PBXBuildFile; fileRef = 6A82DC4F1CA76A9C003C605E /* ShoppingList.swift */; };
		6AA5D23B1CA83B6C0090E5FC /* CheckOutViewController.swift in Sources */ = {isa = PBXBuildFile; fileRef = 6AA5D23A1CA83B6C0090E5FC /* CheckOutViewController.swift */; };
		6AA5D23F1CA868A60090E5FC /* UpdateViewController.swift in Sources */ = {isa = PBXBuildFile; fileRef = 6AA5D23E1CA868A60090E5FC /* UpdateViewController.swift */; };
		6AA5D2501CA8785B0090E5FC /* ShoppingList+CoreDataProperties.swift in Sources */ = {isa = PBXBuildFile; fileRef = 6AA5D24F1CA8785B0090E5FC /* ShoppingList+CoreDataProperties.swift */; };
		6AA5D2561CA895F90090E5FC /* HistoryListTableViewController.swift in Sources */ = {isa = PBXBuildFile; fileRef = 6AA5D2551CA895F90090E5FC /* HistoryListTableViewController.swift */; };
		6AA5D2581CA8A3680090E5FC /* HistoryDetailsViewController.swift in Sources */ = {isa = PBXBuildFile; fileRef = 6AA5D2571CA8A3680090E5FC /* HistoryDetailsViewController.swift */; };
		6AC6B7A91CA74AAB000C40A6 /* AppDelegate.swift in Sources */ = {isa = PBXBuildFile; fileRef = 6AC6B7A81CA74AAB000C40A6 /* AppDelegate.swift */; };
		6AC6B7AE1CA74AAB000C40A6 /* Main.storyboard in Resources */ = {isa = PBXBuildFile; fileRef = 6AC6B7AC1CA74AAB000C40A6 /* Main.storyboard */; };
		6AC6B7B11CA74AAB000C40A6 /* GameShoppingList.xcdatamodeld in Sources */ = {isa = PBXBuildFile; fileRef = 6AC6B7AF1CA74AAB000C40A6 /* GameShoppingList.xcdatamodeld */; };
		6AC6B7B31CA74AAB000C40A6 /* Assets.xcassets in Resources */ = {isa = PBXBuildFile; fileRef = 6AC6B7B21CA74AAB000C40A6 /* Assets.xcassets */; };
		6AC6B7B61CA74AAB000C40A6 /* LaunchScreen.storyboard in Resources */ = {isa = PBXBuildFile; fileRef = 6AC6B7B41CA74AAB000C40A6 /* LaunchScreen.storyboard */; };
		6AC6B7C11CA74AAB000C40A6 /* GameShoppingListTests.swift in Sources */ = {isa = PBXBuildFile; fileRef = 6AC6B7C01CA74AAB000C40A6 /* GameShoppingListTests.swift */; };
		6AC6B7CC1CA74AAB000C40A6 /* GameShoppingListUITests.swift in Sources */ = {isa = PBXBuildFile; fileRef = 6AC6B7CB1CA74AAB000C40A6 /* GameShoppingListUITests.swift */; };
		6AC6B7DC1CA74CF9000C40A6 /* Details.swift in Sources */ = {isa = PBXBuildFile; fileRef = 6AC6B7DB1CA74CF9000C40A6 /* Details.swift */; };
		6AC6B7DE1CA74D22000C40A6 /* Game.swift in Sources */ = {isa = PBXBuildFile; fileRef = 6AC6B7DD1CA74D22000C40A6 /* Game.swift */; };
		6AC6B7E01CA74D46000C40A6 /* Games.swift in Sources */ = {isa = PBXBuildFile; fileRef = 6AC6B7DF1CA74D46000C40A6 /* Games.swift */; };
		6AC6B7E21CA74DAF000C40A6 /* LoginViewController.swift in Sources */ = {isa = PBXBuildFile; fileRef = 6AC6B7E11CA74DAF000C40A6 /* LoginViewController.swift */; };
		6AC6B7E41CA74DE3000C40A6 /* TableViewController.swift in Sources */ = {isa = PBXBuildFile; fileRef = 6AC6B7E31CA74DE3000C40A6 /* TableViewController.swift */; };
		6AC6B7E61CA74E5A000C40A6 /* ViewController.swift in Sources */ = {isa = PBXBuildFile; fileRef = 6AC6B7E51CA74E5A000C40A6 /* ViewController.swift */; };
		6AC6B7E81CA74E8C000C40A6 /* WebViewController.swift in Sources */ = {isa = PBXBuildFile; fileRef = 6AC6B7E71CA74E8C000C40A6 /* WebViewController.swift */; };
		6AC6B7EA1CA74EB0000C40A6 /* XMLGameParser.swift in Sources */ = {isa = PBXBuildFile; fileRef = 6AC6B7E91CA74EB0000C40A6 /* XMLGameParser.swift */; };
		6AC6B7EC1CA74F0B000C40A6 /* Games.xml in Resources */ = {isa = PBXBuildFile; fileRef = 6AC6B7EB1CA74F0B000C40A6 /* Games.xml */; };
/* End PBXBuildFile section */

/* Begin PBXContainerItemProxy section */
		6AC6B7BD1CA74AAB000C40A6 /* PBXContainerItemProxy */ = {
			isa = PBXContainerItemProxy;
			containerPortal = 6AC6B79D1CA74AAB000C40A6 /* Project object */;
			proxyType = 1;
			remoteGlobalIDString = 6AC6B7A41CA74AAB000C40A6;
			remoteInfo = GameShoppingList;
		};
		6AC6B7C81CA74AAB000C40A6 /* PBXContainerItemProxy */ = {
			isa = PBXContainerItemProxy;
			containerPortal = 6AC6B79D1CA74AAB000C40A6 /* Project object */;
			proxyType = 1;
			remoteGlobalIDString = 6AC6B7A41CA74AAB000C40A6;
			remoteInfo = GameShoppingList;
		};
/* End PBXContainerItemProxy section */

/* Begin PBXFileReference section */
		6A1DBF1C1CA9DD9900CD7F8A /* HistoryList+CoreDataProperties.swift */ = {isa = PBXFileReference; fileEncoding = 4; lastKnownFileType = sourcecode.swift; name = "HistoryList+CoreDataProperties.swift"; path = "../HistoryList+CoreDataProperties.swift"; sourceTree = "<group>"; };
		6A1DBF1D1CA9DD9900CD7F8A /* HistoryList.swift */ = {isa = PBXFileReference; fileEncoding = 4; lastKnownFileType = sourcecode.swift; name = HistoryList.swift; path = ../HistoryList.swift; sourceTree = "<group>"; };
		6A82DC4C1CA7636F003C605E /* ShoppingListTableViewController.swift */ = {isa = PBXFileReference; fileEncoding = 4; lastKnownFileType = sourcecode.swift; path = ShoppingListTableViewController.swift; sourceTree = "<group>"; };
		6A82DC4F1CA76A9C003C605E /* ShoppingList.swift */ = {isa = PBXFileReference; fileEncoding = 4; lastKnownFileType = sourcecode.swift; name = ShoppingList.swift; path = ../ShoppingList.swift; sourceTree = "<group>"; };
		6AA5D23A1CA83B6C0090E5FC /* CheckOutViewController.swift */ = {isa = PBXFileReference; fileEncoding = 4; lastKnownFileType = sourcecode.swift; path = CheckOutViewController.swift; sourceTree = "<group>"; };
		6AA5D23E1CA868A60090E5FC /* UpdateViewController.swift */ = {isa = PBXFileReference; fileEncoding = 4; lastKnownFileType = sourcecode.swift; path = UpdateViewController.swift; sourceTree = "<group>"; };
		6AA5D2481CA86FBE0090E5FC /* GameShoppingList 2.xcdatamodel */ = {isa = PBXFileReference; lastKnownFileType = wrapper.xcdatamodel; path = "GameShoppingList 2.xcdatamodel"; sourceTree = "<group>"; };
		6AA5D24F1CA8785B0090E5FC /* ShoppingList+CoreDataProperties.swift */ = {isa = PBXFileReference; fileEncoding = 4; lastKnownFileType = sourcecode.swift; name = "ShoppingList+CoreDataProperties.swift"; path = "../ShoppingList+CoreDataProperties.swift"; sourceTree = "<group>"; };
		6AA5D2551CA895F90090E5FC /* HistoryListTableViewController.swift */ = {isa = PBXFileReference; fileEncoding = 4; lastKnownFileType = sourcecode.swift; path = HistoryListTableViewController.swift; sourceTree = "<group>"; };
		6AA5D2571CA8A3680090E5FC /* HistoryDetailsViewController.swift */ = {isa = PBXFileReference; fileEncoding = 4; lastKnownFileType = sourcecode.swift; path = HistoryDetailsViewController.swift; sourceTree = "<group>"; };
		6AC6B7A51CA74AAB000C40A6 /* GameShoppingList.app */ = {isa = PBXFileReference; explicitFileType = wrapper.application; includeInIndex = 0; path = GameShoppingList.app; sourceTree = BUILT_PRODUCTS_DIR; };
		6AC6B7A81CA74AAB000C40A6 /* AppDelegate.swift */ = {isa = PBXFileReference; lastKnownFileType = sourcecode.swift; path = AppDelegate.swift; sourceTree = "<group>"; };
		6AC6B7AD1CA74AAB000C40A6 /* Base */ = {isa = PBXFileReference; lastKnownFileType = file.storyboard; name = Base; path = Base.lproj/Main.storyboard; sourceTree = "<group>"; };
		6AC6B7B01CA74AAB000C40A6 /* GameShoppingList.xcdatamodel */ = {isa = PBXFileReference; lastKnownFileType = wrapper.xcdatamodel; path = GameShoppingList.xcdatamodel; sourceTree = "<group>"; };
		6AC6B7B21CA74AAB000C40A6 /* Assets.xcassets */ = {isa = PBXFileReference; lastKnownFileType = folder.assetcatalog; path = Assets.xcassets; sourceTree = "<group>"; };
		6AC6B7B51CA74AAB000C40A6 /* Base */ = {isa = PBXFileReference; lastKnownFileType = file.storyboard; name = Base; path = Base.lproj/LaunchScreen.storyboard; sourceTree = "<group>"; };
		6AC6B7B71CA74AAB000C40A6 /* Info.plist */ = {isa = PBXFileReference; lastKnownFileType = text.plist.xml; path = Info.plist; sourceTree = "<group>"; };
		6AC6B7BC1CA74AAB000C40A6 /* GameShoppingListTests.xctest */ = {isa = PBXFileReference; explicitFileType = wrapper.cfbundle; includeInIndex = 0; path = GameShoppingListTests.xctest; sourceTree = BUILT_PRODUCTS_DIR; };
		6AC6B7C01CA74AAB000C40A6 /* GameShoppingListTests.swift */ = {isa = PBXFileReference; lastKnownFileType = sourcecode.swift; path = GameShoppingListTests.swift; sourceTree = "<group>"; };
		6AC6B7C21CA74AAB000C40A6 /* Info.plist */ = {isa = PBXFileReference; lastKnownFileType = text.plist.xml; path = Info.plist; sourceTree = "<group>"; };
		6AC6B7C71CA74AAB000C40A6 /* GameShoppingListUITests.xctest */ = {isa = PBXFileReference; explicitFileType = wrapper.cfbundle; includeInIndex = 0; path = GameShoppingListUITests.xctest; sourceTree = BUILT_PRODUCTS_DIR; };
		6AC6B7CB1CA74AAB000C40A6 /* GameShoppingListUITests.swift */ = {isa = PBXFileReference; lastKnownFileType = sourcecode.swift; path = GameShoppingListUITests.swift; sourceTree = "<group>"; };
		6AC6B7CD1CA74AAB000C40A6 /* Info.plist */ = {isa = PBXFileReference; lastKnownFileType = text.plist.xml; path = Info.plist; sourceTree = "<group>"; };
		6AC6B7DB1CA74CF9000C40A6 /* Details.swift */ = {isa = PBXFileReference; fileEncoding = 4; lastKnownFileType = sourcecode.swift; path = Details.swift; sourceTree = "<group>"; };
		6AC6B7DD1CA74D22000C40A6 /* Game.swift */ = {isa = PBXFileReference; fileEncoding = 4; lastKnownFileType = sourcecode.swift; path = Game.swift; sourceTree = "<group>"; };
		6AC6B7DF1CA74D46000C40A6 /* Games.swift */ = {isa = PBXFileReference; fileEncoding = 4; lastKnownFileType = sourcecode.swift; path = Games.swift; sourceTree = "<group>"; };
		6AC6B7E11CA74DAF000C40A6 /* LoginViewController.swift */ = {isa = PBXFileReference; fileEncoding = 4; lastKnownFileType = sourcecode.swift; path = LoginViewController.swift; sourceTree = "<group>"; };
		6AC6B7E31CA74DE3000C40A6 /* TableViewController.swift */ = {isa = PBXFileReference; fileEncoding = 4; lastKnownFileType = sourcecode.swift; path = TableViewController.swift; sourceTree = "<group>"; };
		6AC6B7E51CA74E5A000C40A6 /* ViewController.swift */ = {isa = PBXFileReference; fileEncoding = 4; lastKnownFileType = sourcecode.swift; path = ViewController.swift; sourceTree = "<group>"; };
		6AC6B7E71CA74E8C000C40A6 /* WebViewController.swift */ = {isa = PBXFileReference; fileEncoding = 4; lastKnownFileType = sourcecode.swift; path = WebViewController.swift; sourceTree = "<group>"; };
		6AC6B7E91CA74EB0000C40A6 /* XMLGameParser.swift */ = {isa = PBXFileReference; fileEncoding = 4; lastKnownFileType = sourcecode.swift; path = XMLGameParser.swift; sourceTree = "<group>"; };
		6AC6B7EB1CA74F0B000C40A6 /* Games.xml */ = {isa = PBXFileReference; fileEncoding = 4; lastKnownFileType = text.xml; path = Games.xml; sourceTree = "<group>"; };
/* End PBXFileReference section */

/* Begin PBXFrameworksBuildPhase section */
		6AC6B7A21CA74AAB000C40A6 /* Frameworks */ = {
			isa = PBXFrameworksBuildPhase;
			buildActionMask = 2147483647;
			files = (
			);
			runOnlyForDeploymentPostprocessing = 0;
		};
		6AC6B7B91CA74AAB000C40A6 /* Frameworks */ = {
			isa = PBXFrameworksBuildPhase;
			buildActionMask = 2147483647;
			files = (
			);
			runOnlyForDeploymentPostprocessing = 0;
		};
		6AC6B7C41CA74AAB000C40A6 /* Frameworks */ = {
			isa = PBXFrameworksBuildPhase;
			buildActionMask = 2147483647;
			files = (
			);
			runOnlyForDeploymentPostprocessing = 0;
		};
/* End PBXFrameworksBuildPhase section */

/* Begin PBXGroup section */
		6AC6B79C1CA74AAB000C40A6 = {
			isa = PBXGroup;
			children = (
				6AC6B7A71CA74AAB000C40A6 /* GameShoppingList */,
				6AC6B7BF1CA74AAB000C40A6 /* GameShoppingListTests */,
				6AC6B7CA1CA74AAB000C40A6 /* GameShoppingListUITests */,
				6AC6B7A61CA74AAB000C40A6 /* Products */,
			);
			sourceTree = "<group>";
		};
		6AC6B7A61CA74AAB000C40A6 /* Products */ = {
			isa = PBXGroup;
			children = (
				6AC6B7A51CA74AAB000C40A6 /* GameShoppingList.app */,
				6AC6B7BC1CA74AAB000C40A6 /* GameShoppingListTests.xctest */,
				6AC6B7C71CA74AAB000C40A6 /* GameShoppingListUITests.xctest */,
			);
			name = Products;
			sourceTree = "<group>";
		};
		6AC6B7A71CA74AAB000C40A6 /* GameShoppingList */ = {
			isa = PBXGroup;
			children = (
				6AC6B7A81CA74AAB000C40A6 /* AppDelegate.swift */,
				6AA5D24F1CA8785B0090E5FC /* ShoppingList+CoreDataProperties.swift */,
				6A82DC4F1CA76A9C003C605E /* ShoppingList.swift */,
				6A1DBF1C1CA9DD9900CD7F8A /* HistoryList+CoreDataProperties.swift */,
				6A1DBF1D1CA9DD9900CD7F8A /* HistoryList.swift */,
				6A82DC4C1CA7636F003C605E /* ShoppingListTableViewController.swift */,
				6AA5D23A1CA83B6C0090E5FC /* CheckOutViewController.swift */,
				6AA5D2551CA895F90090E5FC /* HistoryListTableViewController.swift */,
				6AA5D2571CA8A3680090E5FC /* HistoryDetailsViewController.swift */,
				6AA5D23E1CA868A60090E5FC /* UpdateViewController.swift */,
				6AC6B7AC1CA74AAB000C40A6 /* Main.storyboard */,
				6AC6B7B21CA74AAB000C40A6 /* Assets.xcassets */,
				6AC6B7B41CA74AAB000C40A6 /* LaunchScreen.storyboard */,
				6AC6B7B71CA74AAB000C40A6 /* Info.plist */,
				6AC6B7AF1CA74AAB000C40A6 /* GameShoppingList.xcdatamodeld */,
				6AC6B7DD1CA74D22000C40A6 /* Game.swift */,
				6AC6B7DF1CA74D46000C40A6 /* Games.swift */,
				6AC6B7E11CA74DAF000C40A6 /* LoginViewController.swift */,
				6AC6B7E31CA74DE3000C40A6 /* TableViewController.swift */,
				6AC6B7E51CA74E5A000C40A6 /* ViewController.swift */,
				6AC6B7DB1CA74CF9000C40A6 /* Details.swift */,
				6AC6B7E71CA74E8C000C40A6 /* WebViewController.swift */,
				6AC6B7E91CA74EB0000C40A6 /* XMLGameParser.swift */,
				6AC6B7EB1CA74F0B000C40A6 /* Games.xml */,
			);
			path = GameShoppingList;
			sourceTree = "<group>";
		};
		6AC6B7BF1CA74AAB000C40A6 /* GameShoppingListTests */ = {
			isa = PBXGroup;
			children = (
				6AC6B7C01CA74AAB000C40A6 /* GameShoppingListTests.swift */,
				6AC6B7C21CA74AAB000C40A6 /* Info.plist */,
			);
			path = GameShoppingListTests;
			sourceTree = "<group>";
		};
		6AC6B7CA1CA74AAB000C40A6 /* GameShoppingListUITests */ = {
			isa = PBXGroup;
			children = (
				6AC6B7CB1CA74AAB000C40A6 /* GameShoppingListUITests.swift */,
				6AC6B7CD1CA74AAB000C40A6 /* Info.plist */,
			);
			path = GameShoppingListUITests;
			sourceTree = "<group>";
		};
/* End PBXGroup section */

/* Begin PBXNativeTarget section */
		6AC6B7A41CA74AAB000C40A6 /* GameShoppingList */ = {
			isa = PBXNativeTarget;
			buildConfigurationList = 6AC6B7D01CA74AAB000C40A6 /* Build configuration list for PBXNativeTarget "GameShoppingList" */;
			buildPhases = (
				6AC6B7A11CA74AAB000C40A6 /* Sources */,
				6AC6B7A21CA74AAB000C40A6 /* Frameworks */,
				6AC6B7A31CA74AAB000C40A6 /* Resources */,
			);
			buildRules = (
			);
			dependencies = (
			);
			name = GameShoppingList;
			productName = GameShoppingList;
			productReference = 6AC6B7A51CA74AAB000C40A6 /* GameShoppingList.app */;
			productType = "com.apple.product-type.application";
		};
		6AC6B7BB1CA74AAB000C40A6 /* GameShoppingListTests */ = {
			isa = PBXNativeTarget;
			buildConfigurationList = 6AC6B7D31CA74AAB000C40A6 /* Build configuration list for PBXNativeTarget "GameShoppingListTests" */;
			buildPhases = (
				6AC6B7B81CA74AAB000C40A6 /* Sources */,
				6AC6B7B91CA74AAB000C40A6 /* Frameworks */,
				6AC6B7BA1CA74AAB000C40A6 /* Resources */,
			);
			buildRules = (
			);
			dependencies = (
				6AC6B7BE1CA74AAB000C40A6 /* PBXTargetDependency */,
			);
			name = GameShoppingListTests;
			productName = GameShoppingListTests;
			productReference = 6AC6B7BC1CA74AAB000C40A6 /* GameShoppingListTests.xctest */;
			productType = "com.apple.product-type.bundle.unit-test";
		};
		6AC6B7C61CA74AAB000C40A6 /* GameShoppingListUITests */ = {
			isa = PBXNativeTarget;
			buildConfigurationList = 6AC6B7D61CA74AAB000C40A6 /* Build configuration list for PBXNativeTarget "GameShoppingListUITests" */;
			buildPhases = (
				6AC6B7C31CA74AAB000C40A6 /* Sources */,
				6AC6B7C41CA74AAB000C40A6 /* Frameworks */,
				6AC6B7C51CA74AAB000C40A6 /* Resources */,
			);
			buildRules = (
			);
			dependencies = (
				6AC6B7C91CA74AAB000C40A6 /* PBXTargetDependency */,
			);
			name = GameShoppingListUITests;
			productName = GameShoppingListUITests;
			productReference = 6AC6B7C71CA74AAB000C40A6 /* GameShoppingListUITests.xctest */;
			productType = "com.apple.product-type.bundle.ui-testing";
		};
/* End PBXNativeTarget section */

/* Begin PBXProject section */
		6AC6B79D1CA74AAB000C40A6 /* Project object */ = {
			isa = PBXProject;
			attributes = {
				LastSwiftUpdateCheck = 0730;
				LastUpgradeCheck = 0730;
				ORGANIZATIONNAME = "Tianbo Ji";
				TargetAttributes = {
					6AC6B7A41CA74AAB000C40A6 = {
						CreatedOnToolsVersion = 7.3;
					};
					6AC6B7BB1CA74AAB000C40A6 = {
						CreatedOnToolsVersion = 7.3;
						TestTargetID = 6AC6B7A41CA74AAB000C40A6;
					};
					6AC6B7C61CA74AAB000C40A6 = {
						CreatedOnToolsVersion = 7.3;
						TestTargetID = 6AC6B7A41CA74AAB000C40A6;
					};
				};
			};
			buildConfigurationList = 6AC6B7A01CA74AAB000C40A6 /* Build configuration list for PBXProject "GameShoppingList" */;
			compatibilityVersion = "Xcode 3.2";
			developmentRegion = English;
			hasScannedForEncodings = 0;
			knownRegions = (
				en,
				Base,
			);
			mainGroup = 6AC6B79C1CA74AAB000C40A6;
			productRefGroup = 6AC6B7A61CA74AAB000C40A6 /* Products */;
			projectDirPath = "";
			projectRoot = "";
			targets = (
				6AC6B7A41CA74AAB000C40A6 /* GameShoppingList */,
				6AC6B7BB1CA74AAB000C40A6 /* GameShoppingListTests */,
				6AC6B7C61CA74AAB000C40A6 /* GameShoppingListUITests */,
			);
		};
/* End PBXProject section */

/* Begin PBXResourcesBuildPhase section */
		6AC6B7A31CA74AAB000C40A6 /* Resources */ = {
			isa = PBXResourcesBuildPhase;
			buildActionMask = 2147483647;
			files = (
				6AC6B7EC1CA74F0B000C40A6 /* Games.xml in Resources */,
				6AC6B7B61CA74AAB000C40A6 /* LaunchScreen.storyboard in Resources */,
				6AC6B7B31CA74AAB000C40A6 /* Assets.xcassets in Resources */,
				6AC6B7AE1CA74AAB000C40A6 /* Main.storyboard in Resources */,
			);
			runOnlyForDeploymentPostprocessing = 0;
		};
		6AC6B7BA1CA74AAB000C40A6 /* Resources */ = {
			isa = PBXResourcesBuildPhase;
			buildActionMask = 2147483647;
			files = (
			);
			runOnlyForDeploymentPostprocessing = 0;
		};
		6AC6B7C51CA74AAB000C40A6 /* Resources */ = {
			isa = PBXResourcesBuildPhase;
			buildActionMask = 2147483647;
			files = (
			);
			runOnlyForDeploymentPostprocessing = 0;
		};
/* End PBXResourcesBuildPhase section */

/* Begin PBXSourcesBuildPhase section */
		6AC6B7A11CA74AAB000C40A6 /* Sources */ = {
			isa = PBXSourcesBuildPhase;
			buildActionMask = 2147483647;
			files = (
				6AC6B7E21CA74DAF000C40A6 /* LoginViewController.swift in Sources */,
				6AC6B7E81CA74E8C000C40A6 /* WebViewController.swift in Sources */,
				6AC6B7E41CA74DE3000C40A6 /* TableViewController.swift in Sources */,
				6A82DC511CA76A9C003C605E /* ShoppingList.swift in Sources */,
				6A1DBF1E1CA9DD9900CD7F8A /* HistoryList+CoreDataProperties.swift in Sources */,
				6AC6B7B11CA74AAB000C40A6 /* GameShoppingList.xcdatamodeld in Sources */,
				6AC6B7A91CA74AAB000C40A6 /* AppDelegate.swift in Sources */,
				6AA5D2581CA8A3680090E5FC /* HistoryDetailsViewController.swift in Sources */,
				6AA5D2501CA8785B0090E5FC /* ShoppingList+CoreDataProperties.swift in Sources */,
				6AC6B7DC1CA74CF9000C40A6 /* Details.swift in Sources */,
				6A82DC4D1CA7636F003C605E /* ShoppingListTableViewController.swift in Sources */,
				6AC6B7E01CA74D46000C40A6 /* Games.swift in Sources */,
				6AA5D23B1CA83B6C0090E5FC /* CheckOutViewController.swift in Sources */,
				6A1DBF1F1CA9DD9900CD7F8A /* HistoryList.swift in Sources */,
				6AC6B7E61CA74E5A000C40A6 /* ViewController.swift in Sources */,
				6AA5D2561CA895F90090E5FC /* HistoryListTableViewController.swift in Sources */,
				6AC6B7EA1CA74EB0000C40A6 /* XMLGameParser.swift in Sources */,
				6AC6B7DE1CA74D22000C40A6 /* Game.swift in Sources */,
				6AA5D23F1CA868A60090E5FC /* UpdateViewController.swift in Sources */,
			);
			runOnlyForDeploymentPostprocessing = 0;
		};
		6AC6B7B81CA74AAB000C40A6 /* Sources */ = {
			isa = PBXSourcesBuildPhase;
			buildActionMask = 2147483647;
			files = (
				6AC6B7C11CA74AAB000C40A6 /* GameShoppingListTests.swift in Sources */,
			);
			runOnlyForDeploymentPostprocessing = 0;
		};
		6AC6B7C31CA74AAB000C40A6 /* Sources */ = {
			isa = PBXSourcesBuildPhase;
			buildActionMask = 2147483647;
			files = (
				6AC6B7CC1CA74AAB000C40A6 /* GameShoppingListUITests.swift in Sources */,
			);
			runOnlyForDeploymentPostprocessing = 0;
		};
/* End PBXSourcesBuildPhase section */

/* Begin PBXTargetDependency section */
		6AC6B7BE1CA74AAB000C40A6 /* PBXTargetDependency */ = {
			isa = PBXTargetDependency;
			target = 6AC6B7A41CA74AAB000C40A6 /* GameShoppingList */;
			targetProxy = 6AC6B7BD1CA74AAB000C40A6 /* PBXContainerItemProxy */;
		};
		6AC6B7C91CA74AAB000C40A6 /* PBXTargetDependency */ = {
			isa = PBXTargetDependency;
			target = 6AC6B7A41CA74AAB000C40A6 /* GameShoppingList */;
			targetProxy = 6AC6B7C81CA74AAB000C40A6 /* PBXContainerItemProxy */;
		};
/* End PBXTargetDependency section */

/* Begin PBXVariantGroup section */
		6AC6B7AC1CA74AAB000C40A6 /* Main.storyboard */ = {
			isa = PBXVariantGroup;
			children = (
				6AC6B7AD1CA74AAB000C40A6 /* Base */,
			);
			name = Main.storyboard;
			sourceTree = "<group>";
		};
		6AC6B7B41CA74AAB000C40A6 /* LaunchScreen.storyboard */ = {
			isa = PBXVariantGroup;
			children = (
				6AC6B7B51CA74AAB000C40A6 /* Base */,
			);
			name = LaunchScreen.storyboard;
			sourceTree = "<group>";
		};
/* End PBXVariantGroup section */

/* Begin XCBuildConfiguration section */
		6AC6B7CE1CA74AAB000C40A6 /* Debug */ = {
			isa = XCBuildConfiguration;
			buildSettings = {
				ALWAYS_SEARCH_USER_PATHS = NO;
				CLANG_ANALYZER_NONNULL = YES;
				CLANG_CXX_LANGUAGE_STANDARD = "gnu++0x";
				CLANG_CXX_LIBRARY = "libc++";
				CLANG_ENABLE_MODULES = YES;
				CLANG_ENABLE_OBJC_ARC = YES;
				CLANG_WARN_BOOL_CONVERSION = YES;
				CLANG_WARN_CONSTANT_CONVERSION = YES;
				CLANG_WARN_DIRECT_OBJC_ISA_USAGE = YES_ERROR;
				CLANG_WARN_EMPTY_BODY = YES;
				CLANG_WARN_ENUM_CONVERSION = YES;
				CLANG_WARN_INT_CONVERSION = YES;
				CLANG_WARN_OBJC_ROOT_CLASS = YES_ERROR;
				CLANG_WARN_UNREACHABLE_CODE = YES;
				CLANG_WARN__DUPLICATE_METHOD_MATCH = YES;
				"CODE_SIGN_IDENTITY[sdk=iphoneos*]" = "iPhone Developer";
				COPY_PHASE_STRIP = NO;
				DEBUG_INFORMATION_FORMAT = dwarf;
				ENABLE_STRICT_OBJC_MSGSEND = YES;
				ENABLE_TESTABILITY = YES;
				GCC_C_LANGUAGE_STANDARD = gnu99;
				GCC_DYNAMIC_NO_PIC = NO;
				GCC_NO_COMMON_BLOCKS = YES;
				GCC_OPTIMIZATION_LEVEL = 0;
				GCC_PREPROCESSOR_DEFINITIONS = (
					"DEBUG=1",
					"$(inherited)",
				);
				GCC_WARN_64_TO_32_BIT_CONVERSION = YES;
				GCC_WARN_ABOUT_RETURN_TYPE = YES_ERROR;
				GCC_WARN_UNDECLARED_SELECTOR = YES;
				GCC_WARN_UNINITIALIZED_AUTOS = YES_AGGRESSIVE;
				GCC_WARN_UNUSED_FUNCTION = YES;
				GCC_WARN_UNUSED_VARIABLE = YES;
				IPHONEOS_DEPLOYMENT_TARGET = 9.3;
				MTL_ENABLE_DEBUG_INFO = YES;
				ONLY_ACTIVE_ARCH = YES;
				SDKROOT = iphoneos;
				SWIFT_OPTIMIZATION_LEVEL = "-Onone";
			};
			name = Debug;
		};
		6AC6B7CF1CA74AAB000C40A6 /* Release */ = {
			isa = XCBuildConfiguration;
			buildSettings = {
				ALWAYS_SEARCH_USER_PATHS = NO;
				CLANG_ANALYZER_NONNULL = YES;
				CLANG_CXX_LANGUAGE_STANDARD = "gnu++0x";
				CLANG_CXX_LIBRARY = "libc++";
				CLANG_ENABLE_MODULES = YES;
				CLANG_ENABLE_OBJC_ARC = YES;
				CLANG_WARN_BOOL_CONVERSION = YES;
				CLANG_WARN_CONSTANT_CONVERSION = YES;
				CLANG_WARN_DIRECT_OBJC_ISA_USAGE = YES_ERROR;
				CLANG_WARN_EMPTY_BODY = YES;
				CLANG_WARN_ENUM_CONVERSION = YES;
				CLANG_WARN_INT_CONVERSION = YES;
				CLANG_WARN_OBJC_ROOT_CLASS = YES_ERROR;
				CLANG_WARN_UNREACHABLE_CODE = YES;
				CLANG_WARN__DUPLICATE_METHOD_MATCH = YES;
				"CODE_SIGN_IDENTITY[sdk=iphoneos*]" = "iPhone Developer";
				COPY_PHASE_STRIP = NO;
				DEBUG_INFORMATION_FORMAT = "dwarf-with-dsym";
				ENABLE_NS_ASSERTIONS = NO;
				ENABLE_STRICT_OBJC_MSGSEND = YES;
				GCC_C_LANGUAGE_STANDARD = gnu99;
				GCC_NO_COMMON_BLOCKS = YES;
				GCC_WARN_64_TO_32_BIT_CONVERSION = YES;
				GCC_WARN_ABOUT_RETURN_TYPE = YES_ERROR;
				GCC_WARN_UNDECLARED_SELECTOR = YES;
				GCC_WARN_UNINITIALIZED_AUTOS = YES_AGGRESSIVE;
				GCC_WARN_UNUSED_FUNCTION = YES;
				GCC_WARN_UNUSED_VARIABLE = YES;
				IPHONEOS_DEPLOYMENT_TARGET = 9.3;
				MTL_ENABLE_DEBUG_INFO = NO;
				SDKROOT = iphoneos;
				VALIDATE_PRODUCT = YES;
			};
			name = Release;
		};
		6AC6B7D11CA74AAB000C40A6 /* Debug */ = {
			isa = XCBuildConfiguration;
			buildSettings = {
				ASSETCATALOG_COMPILER_APPICON_NAME = AppIcon;
				INFOPLIST_FILE = GameShoppingList/Info.plist;
				LD_RUNPATH_SEARCH_PATHS = "$(inherited) @executable_path/Frameworks";
				PRODUCT_BUNDLE_IDENTIFIER = UCC.GameShoppingList;
				PRODUCT_NAME = "$(TARGET_NAME)";
			};
			name = Debug;
		};
		6AC6B7D21CA74AAB000C40A6 /* Release */ = {
			isa = XCBuildConfiguration;
			buildSettings = {
				ASSETCATALOG_COMPILER_APPICON_NAME = AppIcon;
				INFOPLIST_FILE = GameShoppingList/Info.plist;
				LD_RUNPATH_SEARCH_PATHS = "$(inherited) @executable_path/Frameworks";
				PRODUCT_BUNDLE_IDENTIFIER = UCC.GameShoppingList;
				PRODUCT_NAME = "$(TARGET_NAME)";
			};
			name = Release;
		};
		6AC6B7D41CA74AAB000C40A6 /* Debug */ = {
			isa = XCBuildConfiguration;
			buildSettings = {
				BUNDLE_LOADER = "$(TEST_HOST)";
				INFOPLIST_FILE = GameShoppingListTests/Info.plist;
				LD_RUNPATH_SEARCH_PATHS = "$(inherited) @executable_path/Frameworks @loader_path/Frameworks";
				PRODUCT_BUNDLE_IDENTIFIER = UCC.GameShoppingListTests;
				PRODUCT_NAME = "$(TARGET_NAME)";
				TEST_HOST = "$(BUILT_PRODUCTS_DIR)/GameShoppingList.app/GameShoppingList";
			};
			name = Debug;
		};
		6AC6B7D51CA74AAB000C40A6 /* Release */ = {
			isa = XCBuildConfiguration;
			buildSettings = {
				BUNDLE_LOADER = "$(TEST_HOST)";
				INFOPLIST_FILE = GameShoppingListTests/Info.plist;
				LD_RUNPATH_SEARCH_PATHS = "$(inherited) @executable_path/Frameworks @loader_path/Frameworks";
				PRODUCT_BUNDLE_IDENTIFIER = UCC.GameShoppingListTests;
				PRODUCT_NAME = "$(TARGET_NAME)";
				TEST_HOST = "$(BUILT_PRODUCTS_DIR)/GameShoppingList.app/GameShoppingList";
			};
			name = Release;
		};
		6AC6B7D71CA74AAB000C40A6 /* Debug */ = {
			isa = XCBuildConfiguration;
			buildSettings = {
				INFOPLIST_FILE = GameShoppingListUITests/Info.plist;
				LD_RUNPATH_SEARCH_PATHS = "$(inherited) @executable_path/Frameworks @loader_path/Frameworks";
				PRODUCT_BUNDLE_IDENTIFIER = UCC.GameShoppingListUITests;
				PRODUCT_NAME = "$(TARGET_NAME)";
				TEST_TARGET_NAME = GameShoppingList;
			};
			name = Debug;
		};
		6AC6B7D81CA74AAB000C40A6 /* Release */ = {
			isa = XCBuildConfiguration;
			buildSettings = {
				INFOPLIST_FILE = GameShoppingListUITests/Info.plist;
				LD_RUNPATH_SEARCH_PATHS = "$(inherited) @executable_path/Frameworks @loader_path/Frameworks";
				PRODUCT_BUNDLE_IDENTIFIER = UCC.GameShoppingListUITests;
				PRODUCT_NAME = "$(TARGET_NAME)";
				TEST_TARGET_NAME = GameShoppingList;
			};
			name = Release;
		};
/* End XCBuildConfiguration section */

/* Begin XCConfigurationList section */
		6AC6B7A01CA74AAB000C40A6 /* Build configuration list for PBXProject "GameShoppingList" */ = {
			isa = XCConfigurationList;
			buildConfigurations = (
				6AC6B7CE1CA74AAB000C40A6 /* Debug */,
				6AC6B7CF1CA74AAB000C40A6 /* Release */,
			);
			defaultConfigurationIsVisible = 0;
			defaultConfigurationName = Release;
		};
		6AC6B7D01CA74AAB000C40A6 /* Build configuration list for PBXNativeTarget "GameShoppingList" */ = {
			isa = XCConfigurationList;
			buildConfigurations = (
				6AC6B7D11CA74AAB000C40A6 /* Debug */,
				6AC6B7D21CA74AAB000C40A6 /* Release */,
			);
			defaultConfigurationIsVisible = 0;
			defaultConfigurationName = Release;
		};
		6AC6B7D31CA74AAB000C40A6 /* Build configuration list for PBXNativeTarget "GameShoppingListTests" */ = {
			isa = XCConfigurationList;
			buildConfigurations = (
				6AC6B7D41CA74AAB000C40A6 /* Debug */,
				6AC6B7D51CA74AAB000C40A6 /* Release */,
			);
			defaultConfigurationIsVisible = 0;
			defaultConfigurationName = Release;
		};
		6AC6B7D61CA74AAB000C40A6 /* Build configuration list for PBXNativeTarget "GameShoppingListUITests" */ = {
			isa = XCConfigurationList;
			buildConfigurations = (
				6AC6B7D71CA74AAB000C40A6 /* Debug */,
				6AC6B7D81CA74AAB000C40A6 /* Release */,
			);
			defaultConfigurationIsVisible = 0;
			defaultConfigurationName = Release;
		};
/* End XCConfigurationList section */

/* Begin XCVersionGroup section */
		6AC6B7AF1CA74AAB000C40A6 /* GameShoppingList.xcdatamodeld */ = {
			isa = XCVersionGroup;
			children = (
				6AA5D2481CA86FBE0090E5FC /* GameShoppingList 2.xcdatamodel */,
				6AC6B7B01CA74AAB000C40A6 /* GameShoppingList.xcdatamodel */,
			);
			currentVersion = 6AA5D2481CA86FBE0090E5FC /* GameShoppingList 2.xcdatamodel */;
			path = GameShoppingList.xcdatamodeld;
			sourceTree = "<group>";
			versionGroupType = wrapper.xcdatamodel;
		};
/* End XCVersionGroup section */
	};
	rootObject = 6AC6B79D1CA74AAB000C40A6 /* Project object */;
}
